github.com/lib/pq v1.10.4 h1:SO9z7FRPzA03QhHKJrH5BXA6HU1rS4V2nIVrrNC1iYk=
github.com/lib/pq v1.10.4/go.mod h1:AlVN5x4E4T544tWzH6hKfbfQvm3HdbOxrmggDNAPY9o=
github.com/moledoc/check v0.0.0-20220308090837-0aa2c0fc21d4 h1:oKIVBqzH4gFpDINPIOId8fIlcekUWqnRKCW7MTXfy0I=
github.com/moledoc/check v0.0.0-20220308090837-0aa2c0fc21d4/go.mod h1:iWkoKEj6Z1MydgZvNvNFWS+JI5olcYbnp/PSBkMB4MM=
github.com/moledoc/templ v0.0.0-20220309091233-94167fdab5e3 h1:IIzV+om6h4p5+BAomwmjfelBnJ31VOTZoHdXmw1397M=
github.com/moledoc/templ v0.0.0-20220309091233-94167fdab5e3/go.mod h1:dWTxO4BwlAKzssyjx6gZMouNVw8jcobhjTGVB+6L8Sw=
